
Microsoft Visual Studio Solution File, Format Version 12.00
# Visual Studio 15
Project("{FAE04EC0-301F-11D3-BF4B-00C04F79EFBC}") = "Assembly-CSharp-firstpass", "Assembly-CSharp-firstpass.csproj", "{165810B3-4F81-2FB1-BB04-9E6B51BD5520}"
EndProject
Project("{FAE04EC0-301F-11D3-BF4B-00C04F79EFBC}") = "Assembly-CSharp", "Assembly-CSharp.csproj", "{2BDE51E1-ACA5-362E-A05E-953A37A9B441}"
EndProject
Project("{FAE04EC0-301F-11D3-BF4B-00C04F79EFBC}") = "Assembly-CSharp-Editor", "Assembly-CSharp-Editor.csproj", "{161F2EF4-86D6-00B2-D436-9546AFB2C399}"
EndProject
Global
	GlobalSection(SolutionConfigurationPlatforms) = preSolution
		Debug|Any CPU = Debug|Any CPU
		Release|Any CPU = Release|Any CPU
	EndGlobalSection
	GlobalSection(ProjectConfigurationPlatforms) = postSolution
		{165810B3-4F81-2FB1-BB04-9E6B51BD5520}.Debug|Any CPU.ActiveCfg = Debug|Any CPU
		{165810B3-4F81-2FB1-BB04-9E6B51BD5520}.Debug|Any CPU.Build.0 = Debug|Any CPU
		{165810B3-4F81-2FB1-BB04-9E6B51BD5520}.Release|Any CPU.ActiveCfg = Release|Any CPU
		{165810B3-4F81-2FB1-BB04-9E6B51BD5520}.Release|Any CPU.Build.0 = Release|Any CPU
		{2BDE51E1-ACA5-362E-A05E-953A37A9B441}.Debug|Any CPU.ActiveCfg = Debug|Any CPU
		{2BDE51E1-ACA5-362E-A05E-953A37A9B441}.Debug|Any CPU.Build.0 = Debug|Any CPU
		{2BDE51E1-ACA5-362E-A05E-953A37A9B441}.Release|Any CPU.ActiveCfg = Release|Any CPU
		{2BDE51E1-ACA5-362E-A05E-953A37A9B441}.Release|Any CPU.Build.0 = Release|Any CPU
		{161F2EF4-86D6-00B2-D436-9546AFB2C399}.Debug|Any CPU.ActiveCfg = Debug|Any CPU
		{161F2EF4-86D6-00B2-D436-9546AFB2C399}.Debug|Any CPU.Build.0 = Debug|Any CPU
		{161F2EF4-86D6-00B2-D436-9546AFB2C399}.Release|Any CPU.ActiveCfg = Release|Any CPU
		{161F2EF4-86D6-00B2-D436-9546AFB2C399}.Release|Any CPU.Build.0 = Release|Any CPU
	EndGlobalSection
	GlobalSection(SolutionProperties) = preSolution
		HideSolutionNode = FALSE
	EndGlobalSection
EndGlobal
